
Microsoft Visual Studio Solution File, Format Version 12.00
# Visual Studio Version 17
VisualStudioVersion = 17.0.31903.59
MinimumVisualStudioVersion = 10.0.40219.1
Project("{FAE04EC0-301F-11D3-BF4B-00C04F79EFBC}") = "ASRS.Core", "ASRS.Core\ASRS.Core.csproj", "{F954F7C1-40EF-4D39-AEE6-3E3A375F5474}"
EndProject
Project("{FAE04EC0-301F-11D3-BF4B-00C04F79EFBC}") = "ASRS.DAL", "ASRS.DAL\ASRS.DAL.csproj", "{3B075CAB-6457-46EF-B030-F2A7181419F8}"
EndProject
Project("{FAE04EC0-301F-11D3-BF4B-00C04F79EFBC}") = "ASRS.BLL", "ASRS.BLL\ASRS.BLL.csproj", "{FCBA787C-33C8-456A-B258-C134CB081A84}"
EndProject
Project("{FAE04EC0-301F-11D3-BF4B-00C04F79EFBC}") = "ASRS.API", "ASRS.API\ASRS.API.csproj", "{4EF58D67-B714-43F7-824B-056DCB31449E}"
EndProject
Project("{FAE04EC0-301F-11D3-BF4B-00C04F79EFBC}") = "ASRS.Web", "ASRS.Web\ASRS.Web.csproj", "{7042957F-78C8-40E8-924E-BE9152FF5FE1}"
EndProject
Global
	GlobalSection(SolutionConfigurationPlatforms) = preSolution
		Debug|Any CPU = Debug|Any CPU
		Debug|x64 = Debug|x64
		Debug|x86 = Debug|x86
		Release|Any CPU = Release|Any CPU
		Release|x64 = Release|x64
		Release|x86 = Release|x86
	EndGlobalSection
	GlobalSection(ProjectConfigurationPlatforms) = postSolution
		{F954F7C1-40EF-4D39-AEE6-3E3A375F5474}.Debug|Any CPU.ActiveCfg = Debug|Any CPU
		{F954F7C1-40EF-4D39-AEE6-3E3A375F5474}.Debug|Any CPU.Build.0 = Debug|Any CPU
		{F954F7C1-40EF-4D39-AEE6-3E3A375F5474}.Debug|x64.ActiveCfg = Debug|Any CPU
		{F954F7C1-40EF-4D39-AEE6-3E3A375F5474}.Debug|x64.Build.0 = Debug|Any CPU
		{F954F7C1-40EF-4D39-AEE6-3E3A375F5474}.Debug|x86.ActiveCfg = Debug|Any CPU
		{F954F7C1-40EF-4D39-AEE6-3E3A375F5474}.Debug|x86.Build.0 = Debug|Any CPU
		{F954F7C1-40EF-4D39-AEE6-3E3A375F5474}.Release|Any CPU.ActiveCfg = Release|Any CPU
		{F954F7C1-40EF-4D39-AEE6-3E3A375F5474}.Release|Any CPU.Build.0 = Release|Any CPU
		{F954F7C1-40EF-4D39-AEE6-3E3A375F5474}.Release|x64.ActiveCfg = Release|Any CPU
		{F954F7C1-40EF-4D39-AEE6-3E3A375F5474}.Release|x64.Build.0 = Release|Any CPU
		{F954F7C1-40EF-4D39-AEE6-3E3A375F5474}.Release|x86.ActiveCfg = Release|Any CPU
		{F954F7C1-40EF-4D39-AEE6-3E3A375F5474}.Release|x86.Build.0 = Release|Any CPU
		{3B075CAB-6457-46EF-B030-F2A7181419F8}.Debug|Any CPU.ActiveCfg = Debug|Any CPU
		{3B075CAB-6457-46EF-B030-F2A7181419F8}.Debug|Any CPU.Build.0 = Debug|Any CPU
		{3B075CAB-6457-46EF-B030-F2A7181419F8}.Debug|x64.ActiveCfg = Debug|Any CPU
		{3B075CAB-6457-46EF-B030-F2A7181419F8}.Debug|x64.Build.0 = Debug|Any CPU
		{3B075CAB-6457-46EF-B030-F2A7181419F8}.Debug|x86.ActiveCfg = Debug|Any CPU
		{3B075CAB-6457-46EF-B030-F2A7181419F8}.Debug|x86.Build.0 = Debug|Any CPU
		{3B075CAB-6457-46EF-B030-F2A7181419F8}.Release|Any CPU.ActiveCfg = Release|Any CPU
		{3B075CAB-6457-46EF-B030-F2A7181419F8}.Release|Any CPU.Build.0 = Release|Any CPU
		{3B075CAB-6457-46EF-B030-F2A7181419F8}.Release|x64.ActiveCfg = Release|Any CPU
		{3B075CAB-6457-46EF-B030-F2A7181419F8}.Release|x64.Build.0 = Release|Any CPU
		{3B075CAB-6457-46EF-B030-F2A7181419F8}.Release|x86.ActiveCfg = Release|Any CPU
		{3B075CAB-6457-46EF-B030-F2A7181419F8}.Release|x86.Build.0 = Release|Any CPU
		{FCBA787C-33C8-456A-B258-C134CB081A84}.Debug|Any CPU.ActiveCfg = Debug|Any CPU
		{FCBA787C-33C8-456A-B258-C134CB081A84}.Debug|Any CPU.Build.0 = Debug|Any CPU
		{FCBA787C-33C8-456A-B258-C134CB081A84}.Debug|x64.ActiveCfg = Debug|Any CPU
		{FCBA787C-33C8-456A-B258-C134CB081A84}.Debug|x64.Build.0 = Debug|Any CPU
		{FCBA787C-33C8-456A-B258-C134CB081A84}.Debug|x86.ActiveCfg = Debug|Any CPU
		{FCBA787C-33C8-456A-B258-C134CB081A84}.Debug|x86.Build.0 = Debug|Any CPU
		{FCBA787C-33C8-456A-B258-C134CB081A84}.Release|Any CPU.ActiveCfg = Release|Any CPU
		{FCBA787C-33C8-456A-B258-C134CB081A84}.Release|Any CPU.Build.0 = Release|Any CPU
		{FCBA787C-33C8-456A-B258-C134CB081A84}.Release|x64.ActiveCfg = Release|Any CPU
		{FCBA787C-33C8-456A-B258-C134CB081A84}.Release|x64.Build.0 = Release|Any CPU
		{FCBA787C-33C8-456A-B258-C134CB081A84}.Release|x86.ActiveCfg = Release|Any CPU
		{FCBA787C-33C8-456A-B258-C134CB081A84}.Release|x86.Build.0 = Release|Any CPU
		{4EF58D67-B714-43F7-824B-056DCB31449E}.Debug|Any CPU.ActiveCfg = Debug|Any CPU
		{4EF58D67-B714-43F7-824B-056DCB31449E}.Debug|Any CPU.Build.0 = Debug|Any CPU
		{4EF58D67-B714-43F7-824B-056DCB31449E}.Debug|x64.ActiveCfg = Debug|Any CPU
		{4EF58D67-B714-43F7-824B-056DCB31449E}.Debug|x64.Build.0 = Debug|Any CPU
		{4EF58D67-B714-43F7-824B-056DCB31449E}.Debug|x86.ActiveCfg = Debug|Any CPU
		{4EF58D67-B714-43F7-824B-056DCB31449E}.Debug|x86.Build.0 = Debug|Any CPU
		{4EF58D67-B714-43F7-824B-056DCB31449E}.Release|Any CPU.ActiveCfg = Release|Any CPU
		{4EF58D67-B714-43F7-824B-056DCB31449E}.Release|Any CPU.Build.0 = Release|Any CPU
		{4EF58D67-B714-43F7-824B-056DCB31449E}.Release|x64.ActiveCfg = Release|Any CPU
		{4EF58D67-B714-43F7-824B-056DCB31449E}.Release|x64.Build.0 = Release|Any CPU
		{4EF58D67-B714-43F7-824B-056DCB31449E}.Release|x86.ActiveCfg = Release|Any CPU
		{4EF58D67-B714-43F7-824B-056DCB31449E}.Release|x86.Build.0 = Release|Any CPU
		{7042957F-78C8-40E8-924E-BE9152FF5FE1}.Debug|Any CPU.ActiveCfg = Debug|Any CPU
		{7042957F-78C8-40E8-924E-BE9152FF5FE1}.Debug|Any CPU.Build.0 = Debug|Any CPU
		{7042957F-78C8-40E8-924E-BE9152FF5FE1}.Debug|x64.ActiveCfg = Debug|Any CPU
		{7042957F-78C8-40E8-924E-BE9152FF5FE1}.Debug|x64.Build.0 = Debug|Any CPU
		{7042957F-78C8-40E8-924E-BE9152FF5FE1}.Debug|x86.ActiveCfg = Debug|Any CPU
		{7042957F-78C8-40E8-924E-BE9152FF5FE1}.Debug|x86.Build.0 = Debug|Any CPU
		{7042957F-78C8-40E8-924E-BE9152FF5FE1}.Release|Any CPU.ActiveCfg = Release|Any CPU
		{7042957F-78C8-40E8-924E-BE9152FF5FE1}.Release|Any CPU.Build.0 = Release|Any CPU
		{7042957F-78C8-40E8-924E-BE9152FF5FE1}.Release|x64.ActiveCfg = Release|Any CPU
		{7042957F-78C8-40E8-924E-BE9152FF5FE1}.Release|x64.Build.0 = Release|Any CPU
		{7042957F-78C8-40E8-924E-BE9152FF5FE1}.Release|x86.ActiveCfg = Release|Any CPU
		{7042957F-78C8-40E8-924E-BE9152FF5FE1}.Release|x86.Build.0 = Release|Any CPU
	EndGlobalSection
	GlobalSection(SolutionProperties) = preSolution
		HideSolutionNode = FALSE
	EndGlobalSection
EndGlobal
